# Full dependency lock; install with: pip install -r config/requirements.lock
markdown==3.11
requests==2.34.2
Pillow==12.3.0
trafilatura==2.2.0
lxml==6.1.3
# Transitive deps of requests
certifi==2026.7.22
charset-normalizer==3.4.9
idna==3.18
urllib3==2.7.0
# Transitive deps of trafilatura
courlan==1.4.0
htmldate==1.9.1
lxml-html-clean==0.4.1
